
Microsoft Visual Studio Solution File, Format Version 12.00
# Visual Studio 2012
Project("{FAE04EC0-301F-11D3-BF4B-00C04F79EFBC}") = "RMTest", "RMTest\RMTest.csproj", "{446F6318-F54E-4F7B-879C-C920F71E17F8}"
EndProject
Project("{FAE04EC0-301F-11D3-BF4B-00C04F79EFBC}") = "RMTest.Tests", "RMTest.Tests\RMTest.Tests.csproj", "{DCB4F3EB-9E33-4DB1-9C53-CAF7AD21036A}"
EndProject
Global
	GlobalSection(SolutionConfigurationPlatforms) = preSolution
		Debug|Any CPU = Debug|Any CPU
		Release|Any CPU = Release|Any CPU
	EndGlobalSection
	GlobalSection(ProjectConfigurationPlatforms) = postSolution
		{446F6318-F54E-4F7B-879C-C920F71E17F8}.Debug|Any CPU.ActiveCfg = Debug|Any CPU
		{446F6318-F54E-4F7B-879C-C920F71E17F8}.Debug|Any CPU.Build.0 = Debug|Any CPU
		{446F6318-F54E-4F7B-879C-C920F71E17F8}.Release|Any CPU.ActiveCfg = Release|Any CPU
		{446F6318-F54E-4F7B-879C-C920F71E17F8}.Release|Any CPU.Build.0 = Release|Any CPU
		{DCB4F3EB-9E33-4DB1-9C53-CAF7AD21036A}.Debug|Any CPU.ActiveCfg = Debug|Any CPU
		{DCB4F3EB-9E33-4DB1-9C53-CAF7AD21036A}.Debug|Any CPU.Build.0 = Debug|Any CPU
		{DCB4F3EB-9E33-4DB1-9C53-CAF7AD21036A}.Release|Any CPU.ActiveCfg = Release|Any CPU
		{DCB4F3EB-9E33-4DB1-9C53-CAF7AD21036A}.Release|Any CPU.Build.0 = Release|Any CPU
	EndGlobalSection
	GlobalSection(SolutionProperties) = preSolution
		HideSolutionNode = FALSE
	EndGlobalSection
EndGlobal
